
Microsoft Visual Studio Solution File, Format Version 12.00
# Visual Studio Version 16
VisualStudioVersion = 16.0.30717.126
MinimumVisualStudioVersion = 10.0.40219.1
Project("{FAE04EC0-301F-11D3-BF4B-00C04F79EFBC}") = "csharp_study", "csharp_study\csharp_study.csproj", "{6FBD04FA-CD0C-4F2E-A676-94CED778AEE9}"
EndProject
Global
	GlobalSection(SolutionConfigurationPlatforms) = preSolution
		Debug|Any CPU = Debug|Any CPU
		Release|Any CPU = Release|Any CPU
	EndGlobalSection
	GlobalSection(ProjectConfigurationPlatforms) = postSolution
		{6FBD04FA-CD0C-4F2E-A676-94CED778AEE9}.Debug|Any CPU.ActiveCfg = Debug|Any CPU
		{6FBD04FA-CD0C-4F2E-A676-94CED778AEE9}.Debug|Any CPU.Build.0 = Debug|Any CPU
		{6FBD04FA-CD0C-4F2E-A676-94CED778AEE9}.Release|Any CPU.ActiveCfg = Release|Any CPU
		{6FBD04FA-CD0C-4F2E-A676-94CED778AEE9}.Release|Any CPU.Build.0 = Release|Any CPU
	EndGlobalSection
	GlobalSection(SolutionProperties) = preSolution
		HideSolutionNode = FALSE
	EndGlobalSection
	GlobalSection(ExtensibilityGlobals) = postSolution
		SolutionGuid = {A74090D4-8D79-4669-9F5B-96B64FEB4047}
	EndGlobalSection
EndGlobal
